
Microsoft Visual Studio Solution File, Format Version 12.00
# Visual Studio 15
VisualStudioVersion = 15.0.28307.779
MinimumVisualStudioVersion = 10.0.40219.1
Project("{8BC9CEB8-8B4A-11D0-8D11-00A0C91BC942}") = "DirectX12Lib", "DirectX12Lib\DirectX12Lib.vcxproj", "{2B161A44-B3A5-4AAA-848D-E2D148CE27E7}"
EndProject
Project("{8BC9CEB8-8B4A-11D0-8D11-00A0C91BC942}") = "Tutorial1", "Tutorial1\Tutorial1.vcxproj", "{CA960339-910B-46C7-8751-02EC28A12102}"
EndProject
Project("{8BC9CEB8-8B4A-11D0-8D11-00A0C91BC942}") = "Tutorial2", "Tutorial2\Tutorial2.vcxproj", "{1326ED15-FD8C-4D4F-A9C5-BD4821EC2AC6}"
EndProject
Project("{8BC9CEB8-8B4A-11D0-8D11-00A0C91BC942}") = "Tutorial3", "Tutorial3\Tutorial3.vcxproj", "{4A78F4D9-6005-4441-8FDE-CD57FBC8C2EE}"
EndProject
Project("{8BC9CEB8-8B4A-11D0-8D11-00A0C91BC942}") = "Tutorial4", "Tutorial4\Tutorial4.vcxproj", "{BE81E6AB-753B-4EDA-8428-29A9D36DD043}"
EndProject
Project("{8BC9CEB8-8B4A-11D0-8D11-00A0C91BC942}") = "DirectXTex", "ThirdParty\DirectXTex\DirectXTex\DirectXTex_Desktop_2017_Win10.vcxproj", "{371B9FA9-4C90-4AC6-A123-ACED756D6C77}"
EndProject
Project("{8BC9CEB8-8B4A-11D0-8D11-00A0C91BC942}") = "Tutorial5", "Tutorial5\Tutorial5.vcxproj", "{10C5473E-3B7C-4362-B0F3-C5DBB8E37E73}"
EndProject
Project("{8BC9CEB8-8B4A-11D0-8D11-00A0C91BC942}") = "Tutorial6", "Tutorial6\Tutorial6.vcxproj", "{F23716F2-D543-4E11-904A-F32E8F4104BA}"
EndProject
Global
	GlobalSection(SolutionConfigurationPlatforms) = preSolution
		Debug|x64 = Debug|x64
		Debug|x86 = Debug|x86
		Profile|x64 = Profile|x64
		Profile|x86 = Profile|x86
		Release|x64 = Release|x64
		Release|x86 = Release|x86
	EndGlobalSection
	GlobalSection(ProjectConfigurationPlatforms) = postSolution
		{2B161A44-B3A5-4AAA-848D-E2D148CE27E7}.Debug|x64.ActiveCfg = Debug|x64
		{2B161A44-B3A5-4AAA-848D-E2D148CE27E7}.Debug|x64.Build.0 = Debug|x64
		{2B161A44-B3A5-4AAA-848D-E2D148CE27E7}.Debug|x86.ActiveCfg = Debug|Win32
		{2B161A44-B3A5-4AAA-848D-E2D148CE27E7}.Debug|x86.Build.0 = Debug|Win32
		{2B161A44-B3A5-4AAA-848D-E2D148CE27E7}.Profile|x64.ActiveCfg = Release|x64
		{2B161A44-B3A5-4AAA-848D-E2D148CE27E7}.Profile|x64.Build.0 = Release|x64
		{2B161A44-B3A5-4AAA-848D-E2D148CE27E7}.Profile|x86.ActiveCfg = Release|Win32
		{2B161A44-B3A5-4AAA-848D-E2D148CE27E7}.Profile|x86.Build.0 = Release|Win32
		{2B161A44-B3A5-4AAA-848D-E2D148CE27E7}.Release|x64.ActiveCfg = Release|x64
		{2B161A44-B3A5-4AAA-848D-E2D148CE27E7}.Release|x64.Build.0 = Release|x64
		{2B161A44-B3A5-4AAA-848D-E2D148CE27E7}.Release|x86.ActiveCfg = Release|Win32
		{2B161A44-B3A5-4AAA-848D-E2D148CE27E7}.Release|x86.Build.0 = Release|Win32
		{CA960339-910B-46C7-8751-02EC28A12102}.Debug|x64.ActiveCfg = Debug|x64
		{CA960339-910B-46C7-8751-02EC28A12102}.Debug|x64.Build.0 = Debug|x64
		{CA960339-910B-46C7-8751-02EC28A12102}.Debug|x86.ActiveCfg = Debug|Win32
		{CA960339-910B-46C7-8751-02EC28A12102}.Debug|x86.Build.0 = Debug|Win32
		{CA960339-910B-46C7-8751-02EC28A12102}.Profile|x64.ActiveCfg = Release|x64
		{CA960339-910B-46C7-8751-02EC28A12102}.Profile|x64.Build.0 = Release|x64
		{CA960339-910B-46C7-8751-02EC28A12102}.Profile|x86.ActiveCfg = Release|Win32
		{CA960339-910B-46C7-8751-02EC28A12102}.Profile|x86.Build.0 = Release|Win32
		{CA960339-910B-46C7-8751-02EC28A12102}.Release|x64.ActiveCfg = Release|x64
		{CA960339-910B-46C7-8751-02EC28A12102}.Release|x64.Build.0 = Release|x64
		{CA960339-910B-46C7-8751-02EC28A12102}.Release|x86.ActiveCfg = Release|Win32
		{CA960339-910B-46C7-8751-02EC28A12102}.Release|x86.Build.0 = Release|Win32
		{1326ED15-FD8C-4D4F-A9C5-BD4821EC2AC6}.Debug|x64.ActiveCfg = Debug|x64
		{1326ED15-FD8C-4D4F-A9C5-BD4821EC2AC6}.Debug|x64.Build.0 = Debug|x64
		{1326ED15-FD8C-4D4F-A9C5-BD4821EC2AC6}.Debug|x86.ActiveCfg = Debug|Win32
		{1326ED15-FD8C-4D4F-A9C5-BD4821EC2AC6}.Debug|x86.Build.0 = Debug|Win32
		{1326ED15-FD8C-4D4F-A9C5-BD4821EC2AC6}.Profile|x64.ActiveCfg = Release|x64
		{1326ED15-FD8C-4D4F-A9C5-BD4821EC2AC6}.Profile|x64.Build.0 = Release|x64
		{1326ED15-FD8C-4D4F-A9C5-BD4821EC2AC6}.Profile|x86.ActiveCfg = Release|Win32
		{1326ED15-FD8C-4D4F-A9C5-BD4821EC2AC6}.Profile|x86.Build.0 = Release|Win32
		{1326ED15-FD8C-4D4F-A9C5-BD4821EC2AC6}.Release|x64.ActiveCfg = Release|x64
		{1326ED15-FD8C-4D4F-A9C5-BD4821EC2AC6}.Release|x64.Build.0 = Release|x64
		{1326ED15-FD8C-4D4F-A9C5-BD4821EC2AC6}.Release|x86.ActiveCfg = Release|Win32
		{1326ED15-FD8C-4D4F-A9C5-BD4821EC2AC6}.Release|x86.Build.0 = Release|Win32
		{4A78F4D9-6005-4441-8FDE-CD57FBC8C2EE}.Debug|x64.ActiveCfg = Debug|x64
		{4A78F4D9-6005-4441-8FDE-CD57FBC8C2EE}.Debug|x64.Build.0 = Debug|x64
		{4A78F4D9-6005-4441-8FDE-CD57FBC8C2EE}.Debug|x86.ActiveCfg = Debug|Win32
		{4A78F4D9-6005-4441-8FDE-CD57FBC8C2EE}.Debug|x86.Build.0 = Debug|Win32
		{4A78F4D9-6005-4441-8FDE-CD57FBC8C2EE}.Profile|x64.ActiveCfg = Release|x64
		{4A78F4D9-6005-4441-8FDE-CD57FBC8C2EE}.Profile|x64.Build.0 = Release|x64
		{4A78F4D9-6005-4441-8FDE-CD57FBC8C2EE}.Profile|x86.ActiveCfg = Release|Win32
		{4A78F4D9-6005-4441-8FDE-CD57FBC8C2EE}.Profile|x86.Build.0 = Release|Win32
		{4A78F4D9-6005-4441-8FDE-CD57FBC8C2EE}.Release|x64.ActiveCfg = Release|x64
		{4A78F4D9-6005-4441-8FDE-CD57FBC8C2EE}.Release|x64.Build.0 = Release|x64
		{4A78F4D9-6005-4441-8FDE-CD57FBC8C2EE}.Release|x86.ActiveCfg = Release|Win32
		{4A78F4D9-6005-4441-8FDE-CD57FBC8C2EE}.Release|x86.Build.0 = Release|Win32
		{BE81E6AB-753B-4EDA-8428-29A9D36DD043}.Debug|x64.ActiveCfg = Debug|x64
		{BE81E6AB-753B-4EDA-8428-29A9D36DD043}.Debug|x64.Build.0 = Debug|x64
		{BE81E6AB-753B-4EDA-8428-29A9D36DD043}.Debug|x86.ActiveCfg = Debug|Win32
		{BE81E6AB-753B-4EDA-8428-29A9D36DD043}.Debug|x86.Build.0 = Debug|Win32
		{BE81E6AB-753B-4EDA-8428-29A9D36DD043}.Profile|x64.ActiveCfg = Release|x64
		{BE81E6AB-753B-4EDA-8428-29A9D36DD043}.Profile|x64.Build.0 = Release|x64
		{BE81E6AB-753B-4EDA-8428-29A9D36DD043}.Profile|x86.ActiveCfg = Release|Win32
		{BE81E6AB-753B-4EDA-8428-29A9D36DD043}.Profile|x86.Build.0 = Release|Win32
		{BE81E6AB-753B-4EDA-8428-29A9D36DD043}.Release|x64.ActiveCfg = Release|x64
		{BE81E6AB-753B-4EDA-8428-29A9D36DD043}.Release|x64.Build.0 = Release|x64
		{BE81E6AB-753B-4EDA-8428-29A9D36DD043}.Release|x86.ActiveCfg = Release|Win32
		{BE81E6AB-753B-4EDA-8428-29A9D36DD043}.Release|x86.Build.0 = Release|Win32
		{371B9FA9-4C90-4AC6-A123-ACED756D6C77}.Debug|x64.ActiveCfg = Debug|x64
		{371B9FA9-4C90-4AC6-A123-ACED756D6C77}.Debug|x64.Build.0 = Debug|x64
		{371B9FA9-4C90-4AC6-A123-ACED756D6C77}.Debug|x86.ActiveCfg = Debug|Win32
		{371B9FA9-4C90-4AC6-A123-ACED756D6C77}.Debug|x86.Build.0 = Debug|Win32
		{371B9FA9-4C90-4AC6-A123-ACED756D6C77}.Profile|x64.ActiveCfg = Profile|x64
		{371B9FA9-4C90-4AC6-A123-ACED756D6C77}.Profile|x64.Build.0 = Profile|x64
		{371B9FA9-4C90-4AC6-A123-ACED756D6C77}.Profile|x86.ActiveCfg = Profile|Win32
		{371B9FA9-4C90-4AC6-A123-ACED756D6C77}.Profile|x86.Build.0 = Profile|Win32
		{371B9FA9-4C90-4AC6-A123-ACED756D6C77}.Release|x64.ActiveCfg = Release|x64
		{371B9FA9-4C90-4AC6-A123-ACED756D6C77}.Release|x64.Build.0 = Release|x64
		{371B9FA9-4C90-4AC6-A123-ACED756D6C77}.Release|x86.ActiveCfg = Release|Win32
		{371B9FA9-4C90-4AC6-A123-ACED756D6C77}.Release|x86.Build.0 = Release|Win32
		{10C5473E-3B7C-4362-B0F3-C5DBB8E37E73}.Debug|x64.ActiveCfg = Debug|x64
		{10C5473E-3B7C-4362-B0F3-C5DBB8E37E73}.Debug|x64.Build.0 = Debug|x64
		{10C5473E-3B7C-4362-B0F3-C5DBB8E37E73}.Debug|x86.ActiveCfg = Debug|Win32
		{10C5473E-3B7C-4362-B0F3-C5DBB8E37E73}.Debug|x86.Build.0 = Debug|Win32
		{10C5473E-3B7C-4362-B0F3-C5DBB8E37E73}.Profile|x64.ActiveCfg = Release|x64
		{10C5473E-3B7C-4362-B0F3-C5DBB8E37E73}.Profile|x64.Build.0 = Release|x64
		{10C5473E-3B7C-4362-B0F3-C5DBB8E37E73}.Profile|x86.ActiveCfg = Release|Win32
		{10C5473E-3B7C-4362-B0F3-C5DBB8E37E73}.Profile|x86.Build.0 = Release|Win32
		{10C5473E-3B7C-4362-B0F3-C5DBB8E37E73}.Release|x64.ActiveCfg = Release|x64
		{10C5473E-3B7C-4362-B0F3-C5DBB8E37E73}.Release|x64.Build.0 = Release|x64
		{10C5473E-3B7C-4362-B0F3-C5DBB8E37E73}.Release|x86.ActiveCfg = Release|Win32
		{10C5473E-3B7C-4362-B0F3-C5DBB8E37E73}.Release|x86.Build.0 = Release|Win32
		{F23716F2-D543-4E11-904A-F32E8F4104BA}.Debug|x64.ActiveCfg = Debug|x64
		{F23716F2-D543-4E11-904A-F32E8F4104BA}.Debug|x64.Build.0 = Debug|x64
		{F23716F2-D543-4E11-904A-F32E8F4104BA}.Debug|x86.ActiveCfg = Debug|Win32
		{F23716F2-D543-4E11-904A-F32E8F4104BA}.Debug|x86.Build.0 = Debug|Win32
		{F23716F2-D543-4E11-904A-F32E8F4104BA}.Profile|x64.ActiveCfg = Release|x64
		{F23716F2-D543-4E11-904A-F32E8F4104BA}.Profile|x64.Build.0 = Release|x64
		{F23716F2-D543-4E11-904A-F32E8F4104BA}.Profile|x86.ActiveCfg = Release|Win32
		{F23716F2-D543-4E11-904A-F32E8F4104BA}.Profile|x86.Build.0 = Release|Win32
		{F23716F2-D543-4E11-904A-F32E8F4104BA}.Release|x64.ActiveCfg = Release|x64
		{F23716F2-D543-4E11-904A-F32E8F4104BA}.Release|x64.Build.0 = Release|x64
		{F23716F2-D543-4E11-904A-F32E8F4104BA}.Release|x86.ActiveCfg = Release|Win32
		{F23716F2-D543-4E11-904A-F32E8F4104BA}.Release|x86.Build.0 = Release|Win32
	EndGlobalSection
	GlobalSection(SolutionProperties) = preSolution
		HideSolutionNode = FALSE
	EndGlobalSection
	GlobalSection(ExtensibilityGlobals) = postSolution
		SolutionGuid = {52F9EF40-D06D-42B2-BB4E-2B5AFC3A44B2}
	EndGlobalSection
EndGlobal
